
Microsoft Visual Studio Solution File, Format Version 12.00
# Visual Studio Version 17
VisualStudioVersion = 17.13.35828.75 d17.13
MinimumVisualStudioVersion = 10.0.40219.1
Project("{FAE04EC0-301F-11D3-BF4B-00C04F79EFBC}") = "MotionSensorItem", "MotionSensorItem\MotionSensorItem.csproj", "{3EA4A1DF-D149-49CA-895F-DC34616BDAAC}"
EndProject
Global
	GlobalSection(SolutionConfigurationPlatforms) = preSolution
		Debug|Any CPU = Debug|Any CPU
		Release|Any CPU = Release|Any CPU
	EndGlobalSection
	GlobalSection(ProjectConfigurationPlatforms) = postSolution
		{3EA4A1DF-D149-49CA-895F-DC34616BDAAC}.Debug|Any CPU.ActiveCfg = Debug|Any CPU
		{3EA4A1DF-D149-49CA-895F-DC34616BDAAC}.Debug|Any CPU.Build.0 = Debug|Any CPU
		{3EA4A1DF-D149-49CA-895F-DC34616BDAAC}.Release|Any CPU.ActiveCfg = Release|Any CPU
		{3EA4A1DF-D149-49CA-895F-DC34616BDAAC}.Release|Any CPU.Build.0 = Release|Any CPU
	EndGlobalSection
	GlobalSection(SolutionProperties) = preSolution
		HideSolutionNode = FALSE
	EndGlobalSection
	GlobalSection(ExtensibilityGlobals) = postSolution
		SolutionGuid = {B54D7768-2B84-47FC-80D4-97C683422A54}
	EndGlobalSection
EndGlobal
